
Microsoft Visual Studio Solution File, Format Version 12.00
# Visual Studio Version 17
VisualStudioVersion = 17.0.32112.339
MinimumVisualStudioVersion = 10.0.40219.1
Project("{FAE04EC0-301F-11D3-BF4B-00C04F79EFBC}") = "mediaPonderada.ConsoleApp", "mediaPonderada.ConsoleApp\mediaPonderada.ConsoleApp.csproj", "{2CA509D4-225C-4DDF-AE0F-56A02C18EEA6}"
EndProject
Global
	GlobalSection(SolutionConfigurationPlatforms) = preSolution
		Debug|Any CPU = Debug|Any CPU
		Release|Any CPU = Release|Any CPU
	EndGlobalSection
	GlobalSection(ProjectConfigurationPlatforms) = postSolution
		{2CA509D4-225C-4DDF-AE0F-56A02C18EEA6}.Debug|Any CPU.ActiveCfg = Debug|Any CPU
		{2CA509D4-225C-4DDF-AE0F-56A02C18EEA6}.Debug|Any CPU.Build.0 = Debug|Any CPU
		{2CA509D4-225C-4DDF-AE0F-56A02C18EEA6}.Release|Any CPU.ActiveCfg = Release|Any CPU
		{2CA509D4-225C-4DDF-AE0F-56A02C18EEA6}.Release|Any CPU.Build.0 = Release|Any CPU
	EndGlobalSection
	GlobalSection(SolutionProperties) = preSolution
		HideSolutionNode = FALSE
	EndGlobalSection
	GlobalSection(ExtensibilityGlobals) = postSolution
		SolutionGuid = {8FF354D6-9F00-4491-A204-1E72D7333673}
	EndGlobalSection
EndGlobal
