
Microsoft Visual Studio Solution File, Format Version 12.00
# Visual Studio Version 17
VisualStudioVersion = 17.0.32112.339
MinimumVisualStudioVersion = 10.0.40219.1
Project("{FAE04EC0-301F-11D3-BF4B-00C04F79EFBC}") = "VolumeCilindro.ConsoleApp", "VolumeCilindro.ConsoleApp\VolumeCilindro.ConsoleApp.csproj", "{DBBDBAF0-682F-4A97-AA82-7ACF795A61BC}"
EndProject
Global
	GlobalSection(SolutionConfigurationPlatforms) = preSolution
		Debug|Any CPU = Debug|Any CPU
		Release|Any CPU = Release|Any CPU
	EndGlobalSection
	GlobalSection(ProjectConfigurationPlatforms) = postSolution
		{DBBDBAF0-682F-4A97-AA82-7ACF795A61BC}.Debug|Any CPU.ActiveCfg = Debug|Any CPU
		{DBBDBAF0-682F-4A97-AA82-7ACF795A61BC}.Debug|Any CPU.Build.0 = Debug|Any CPU
		{DBBDBAF0-682F-4A97-AA82-7ACF795A61BC}.Release|Any CPU.ActiveCfg = Release|Any CPU
		{DBBDBAF0-682F-4A97-AA82-7ACF795A61BC}.Release|Any CPU.Build.0 = Release|Any CPU
	EndGlobalSection
	GlobalSection(SolutionProperties) = preSolution
		HideSolutionNode = FALSE
	EndGlobalSection
	GlobalSection(ExtensibilityGlobals) = postSolution
		SolutionGuid = {50BE2957-62D3-47D2-98BC-9EE081F28C17}
	EndGlobalSection
EndGlobal
