
Microsoft Visual Studio Solution File, Format Version 12.00
# Visual Studio Version 17
VisualStudioVersion = 17.0.32112.339
MinimumVisualStudioVersion = 10.0.40219.1
Project("{FAE04EC0-301F-11D3-BF4B-00C04F79EFBC}") = "volumeCaixaRetangular.ConsoleApp", "volumeCaixaRetangular.ConsoleApp\volumeCaixaRetangular.ConsoleApp.csproj", "{14BFFBA5-4BAC-4488-BAE0-8D9C59F822FD}"
EndProject
Global
	GlobalSection(SolutionConfigurationPlatforms) = preSolution
		Debug|Any CPU = Debug|Any CPU
		Release|Any CPU = Release|Any CPU
	EndGlobalSection
	GlobalSection(ProjectConfigurationPlatforms) = postSolution
		{14BFFBA5-4BAC-4488-BAE0-8D9C59F822FD}.Debug|Any CPU.ActiveCfg = Debug|Any CPU
		{14BFFBA5-4BAC-4488-BAE0-8D9C59F822FD}.Debug|Any CPU.Build.0 = Debug|Any CPU
		{14BFFBA5-4BAC-4488-BAE0-8D9C59F822FD}.Release|Any CPU.ActiveCfg = Release|Any CPU
		{14BFFBA5-4BAC-4488-BAE0-8D9C59F822FD}.Release|Any CPU.Build.0 = Release|Any CPU
	EndGlobalSection
	GlobalSection(SolutionProperties) = preSolution
		HideSolutionNode = FALSE
	EndGlobalSection
	GlobalSection(ExtensibilityGlobals) = postSolution
		SolutionGuid = {B68CAFDD-DA21-4CFD-BEC0-76BACA710C5B}
	EndGlobalSection
EndGlobal
